# This file is automatically @generated by Cargo.
# It is not intended for manual editing.
version = 3

[[package]]
name = "reg-lang"
version = "0.1.0"

[[package]]
name = "reg-lang-compiler"
version = "0.1.0"
dependencies = [
 "reg-lang-parser",
]

[[package]]
name = "reg-lang-parser"
version = "0.1.0"

[[package]]
name = "reg-lang-runtime"
version = "0.1.0"
